// !$*UTF8*$!
{
	archiveVersion = 1;
	classes = {
	};
	objectVersion = 56;
	objects = {

/* Begin PBXBuildFile section */
		D52E8ABE2939959F00D7C40A /* AppDelegate.swift in Sources */ = {isa = PBXBuildFile; fileRef = D52E8ABD2939959F00D7C40A /* AppDelegate.swift */; };
		D52E8AC02939959F00D7C40A /* SceneDelegate.swift in Sources */ = {isa = PBXBuildFile; fileRef = D52E8ABF2939959F00D7C40A /* SceneDelegate.swift */; };
		D52E8AC22939959F00D7C40A /* ViewController.swift in Sources */ = {isa = PBXBuildFile; fileRef = D52E8AC12939959F00D7C40A /* ViewController.swift */; };
		D52E8AC52939959F00D7C40A /* Main.storyboard in Resources */ = {isa = PBXBuildFile; fileRef = D52E8AC32939959F00D7C40A /* Main.storyboard */; };
		D52E8AC7293995A000D7C40A /* Assets.xcassets in Resources */ = {isa = PBXBuildFile; fileRef = D52E8AC6293995A000D7C40A /* Assets.xcassets */; };
		D52E8ACA293995A000D7C40A /* LaunchScreen.storyboard in Resources */ = {isa = PBXBuildFile; fileRef = D52E8AC8293995A000D7C40A /* LaunchScreen.storyboard */; };
		D52E8AD5293995A000D7C40A /* TodoListTests.swift in Sources */ = {isa = PBXBuildFile; fileRef = D52E8AD4293995A000D7C40A /* TodoListTests.swift */; };
		D52E8ADF293995A000D7C40A /* TodoListUITests.swift in Sources */ = {isa = PBXBuildFile; fileRef = D52E8ADE293995A000D7C40A /* TodoListUITests.swift */; };
		D52E8AE1293995A000D7C40A /* TodoListUITestsLaunchTests.swift in Sources */ = {isa = PBXBuildFile; fileRef = D52E8AE0293995A000D7C40A /* TodoListUITestsLaunchTests.swift */; };
		D52E8AEE29399A4A00D7C40A /* Task.swift in Sources */ = {isa = PBXBuildFile; fileRef = D52E8AED29399A4A00D7C40A /* Task.swift */; };
/* End PBXBuildFile section */

/* Begin PBXContainerItemProxy section */
		D52E8AD1293995A000D7C40A /* PBXContainerItemProxy */ = {
			isa = PBXContainerItemProxy;
			containerPortal = D52E8AB22939959E00D7C40A /* Project object */;
			proxyType = 1;
			remoteGlobalIDString = D52E8AB92939959E00D7C40A;
			remoteInfo = TodoList;
		};
		D52E8ADB293995A000D7C40A /* PBXContainerItemProxy */ = {
			isa = PBXContainerItemProxy;
			containerPortal = D52E8AB22939959E00D7C40A /* Project object */;
			proxyType = 1;
			remoteGlobalIDString = D52E8AB92939959E00D7C40A;
			remoteInfo = TodoList;
		};
/* End PBXContainerItemProxy section */

/* Begin PBXFileReference section */
		D52E8ABA2939959E00D7C40A /* TodoList.app */ = {isa = PBXFileReference; explicitFileType = wrapper.application; includeInIndex = 0; path = TodoList.app; sourceTree = BUILT_PRODUCTS_DIR; };
		D52E8ABD2939959F00D7C40A /* AppDelegate.swift */ = {isa = PBXFileReference; lastKnownFileType = sourcecode.swift; path = AppDelegate.swift; sourceTree = "<group>"; };
		D52E8ABF2939959F00D7C40A /* SceneDelegate.swift */ = {isa = PBXFileReference; lastKnownFileType = sourcecode.swift; path = SceneDelegate.swift; sourceTree = "<group>"; };
		D52E8AC12939959F00D7C40A /* ViewController.swift */ = {isa = PBXFileReference; lastKnownFileType = sourcecode.swift; path = ViewController.swift; sourceTree = "<group>"; };
		D52E8AC42939959F00D7C40A /* Base */ = {isa = PBXFileReference; lastKnownFileType = file.storyboard; name = Base; path = Base.lproj/Main.storyboard; sourceTree = "<group>"; };
		D52E8AC6293995A000D7C40A /* Assets.xcassets */ = {isa = PBXFileReference; lastKnownFileType = folder.assetcatalog; path = Assets.xcassets; sourceTree = "<group>"; };
		D52E8AC9293995A000D7C40A /* Base */ = {isa = PBXFileReference; lastKnownFileType = file.storyboard; name = Base; path = Base.lproj/LaunchScreen.storyboard; sourceTree = "<group>"; };
		D52E8ACB293995A000D7C40A /* Info.plist */ = {isa = PBXFileReference; lastKnownFileType = text.plist.xml; path = Info.plist; sourceTree = "<group>"; };
		D52E8AD0293995A000D7C40A /* TodoListTests.xctest */ = {isa = PBXFileReference; explicitFileType = wrapper.cfbundle; includeInIndex = 0; path = TodoListTests.xctest; sourceTree = BUILT_PRODUCTS_DIR; };
		D52E8AD4293995A000D7C40A /* TodoListTests.swift */ = {isa = PBXFileReference; lastKnownFileType = sourcecode.swift; path = TodoListTests.swift; sourceTree = "<group>"; };
		D52E8ADA293995A000D7C40A /* TodoListUITests.xctest */ = {isa = PBXFileReference; explicitFileType = wrapper.cfbundle; includeInIndex = 0; path = TodoListUITests.xctest; sourceTree = BUILT_PRODUCTS_DIR; };
		D52E8ADE293995A000D7C40A /* TodoListUITests.swift */ = {isa = PBXFileReference; lastKnownFileType = sourcecode.swift; path = TodoListUITests.swift; sourceTree = "<group>"; };
		D52E8AE0293995A000D7C40A /* TodoListUITestsLaunchTests.swift */ = {isa = PBXFileReference; lastKnownFileType = sourcecode.swift; path = TodoListUITestsLaunchTests.swift; sourceTree = "<group>"; };
		D52E8AED29399A4A00D7C40A /* Task.swift */ = {isa = PBXFileReference; lastKnownFileType = sourcecode.swift; path = Task.swift; sourceTree = "<group>"; };
/* End PBXFileReference section */

/* Begin PBXFrameworksBuildPhase section */
		D52E8AB72939959E00D7C40A /* Frameworks */ = {
			isa = PBXFrameworksBuildPhase;
			buildActionMask = 2147483647;
			files = (
			);
			runOnlyForDeploymentPostprocessing = 0;
		};
		D52E8ACD293995A000D7C40A /* Frameworks */ = {
			isa = PBXFrameworksBuildPhase;
			buildActionMask = 2147483647;
			files = (
			);
			runOnlyForDeploymentPostprocessing = 0;
		};
		D52E8AD7293995A000D7C40A /* Frameworks */ = {
			isa = PBXFrameworksBuildPhase;
			buildActionMask = 2147483647;
			files = (
			);
			runOnlyForDeploymentPostprocessing = 0;
		};
/* End PBXFrameworksBuildPhase section */

/* Begin PBXGroup section */
		D52E8AB12939959E00D7C40A = {
			isa = PBXGroup;
			children = (
				D52E8ABC2939959E00D7C40A /* TodoList */,
				D52E8AD3293995A000D7C40A /* TodoListTests */,
				D52E8ADD293995A000D7C40A /* TodoListUITests */,
				D52E8ABB2939959E00D7C40A /* Products */,
			);
			sourceTree = "<group>";
		};
		D52E8ABB2939959E00D7C40A /* Products */ = {
			isa = PBXGroup;
			children = (
				D52E8ABA2939959E00D7C40A /* TodoList.app */,
				D52E8AD0293995A000D7C40A /* TodoListTests.xctest */,
				D52E8ADA293995A000D7C40A /* TodoListUITests.xctest */,
			);
			name = Products;
			sourceTree = "<group>";
		};
		D52E8ABC2939959E00D7C40A /* TodoList */ = {
			isa = PBXGroup;
			children = (
				D52E8ABD2939959F00D7C40A /* AppDelegate.swift */,
				D52E8ABF2939959F00D7C40A /* SceneDelegate.swift */,
				D52E8AC12939959F00D7C40A /* ViewController.swift */,
				D52E8AC32939959F00D7C40A /* Main.storyboard */,
				D52E8AC6293995A000D7C40A /* Assets.xcassets */,
				D52E8AC8293995A000D7C40A /* LaunchScreen.storyboard */,
				D52E8ACB293995A000D7C40A /* Info.plist */,
				D52E8AED29399A4A00D7C40A /* Task.swift */,
			);
			path = TodoList;
			sourceTree = "<group>";
		};
		D52E8AD3293995A000D7C40A /* TodoListTests */ = {
			isa = PBXGroup;
			children = (
				D52E8AD4293995A000D7C40A /* TodoListTests.swift */,
			);
			path = TodoListTests;
			sourceTree = "<group>";
		};
		D52E8ADD293995A000D7C40A /* TodoListUITests */ = {
			isa = PBXGroup;
			children = (
				D52E8ADE293995A000D7C40A /* TodoListUITests.swift */,
				D52E8AE0293995A000D7C40A /* TodoListUITestsLaunchTests.swift */,
			);
			path = TodoListUITests;
			sourceTree = "<group>";
		};
/* End PBXGroup section */

/* Begin PBXNativeTarget section */
		D52E8AB92939959E00D7C40A /* TodoList */ = {
			isa = PBXNativeTarget;
			buildConfigurationList = D52E8AE4293995A000D7C40A /* Build configuration list for PBXNativeTarget "TodoList" */;
			buildPhases = (
				D52E8AB62939959E00D7C40A /* Sources */,
				D52E8AB72939959E00D7C40A /* Frameworks */,
				D52E8AB82939959E00D7C40A /* Resources */,
			);
			buildRules = (
			);
			dependencies = (
			);
			name = TodoList;
			productName = TodoList;
			productReference = D52E8ABA2939959E00D7C40A /* TodoList.app */;
			productType = "com.apple.product-type.application";
		};
		D52E8ACF293995A000D7C40A /* TodoListTests */ = {
			isa = PBXNativeTarget;
			buildConfigurationList = D52E8AE7293995A000D7C40A /* Build configuration list for PBXNativeTarget "TodoListTests" */;
			buildPhases = (
				D52E8ACC293995A000D7C40A /* Sources */,
				D52E8ACD293995A000D7C40A /* Frameworks */,
				D52E8ACE293995A000D7C40A /* Resources */,
			);
			buildRules = (
			);
			dependencies = (
				D52E8AD2293995A000D7C40A /* PBXTargetDependency */,
			);
			name = TodoListTests;
			productName = TodoListTests;
			productReference = D52E8AD0293995A000D7C40A /* TodoListTests.xctest */;
			productType = "com.apple.product-type.bundle.unit-test";
		};
		D52E8AD9293995A000D7C40A /* TodoListUITests */ = {
			isa = PBXNativeTarget;
			buildConfigurationList = D52E8AEA293995A000D7C40A /* Build configuration list for PBXNativeTarget "TodoListUITests" */;
			buildPhases = (
				D52E8AD6293995A000D7C40A /* Sources */,
				D52E8AD7293995A000D7C40A /* Frameworks */,
				D52E8AD8293995A000D7C40A /* Resources */,
			);
			buildRules = (
			);
			dependencies = (
				D52E8ADC293995A000D7C40A /* PBXTargetDependency */,
			);
			name = TodoListUITests;
			productName = TodoListUITests;
			productReference = D52E8ADA293995A000D7C40A /* TodoListUITests.xctest */;
			productType = "com.apple.product-type.bundle.ui-testing";
		};
/* End PBXNativeTarget section */

/* Begin PBXProject section */
		D52E8AB22939959E00D7C40A /* Project object */ = {
			isa = PBXProject;
			attributes = {
				BuildIndependentTargetsInParallel = 1;
				LastSwiftUpdateCheck = 1410;
				LastUpgradeCheck = 1410;
				TargetAttributes = {
					D52E8AB92939959E00D7C40A = {
						CreatedOnToolsVersion = 14.1;
					};
					D52E8ACF293995A000D7C40A = {
						CreatedOnToolsVersion = 14.1;
						TestTargetID = D52E8AB92939959E00D7C40A;
					};
					D52E8AD9293995A000D7C40A = {
						CreatedOnToolsVersion = 14.1;
						TestTargetID = D52E8AB92939959E00D7C40A;
					};
				};
			};
			buildConfigurationList = D52E8AB52939959E00D7C40A /* Build configuration list for PBXProject "TodoList" */;
			compatibilityVersion = "Xcode 14.0";
			developmentRegion = en;
			hasScannedForEncodings = 0;
			knownRegions = (
				en,
				Base,
			);
			mainGroup = D52E8AB12939959E00D7C40A;
			productRefGroup = D52E8ABB2939959E00D7C40A /* Products */;
			projectDirPath = "";
			projectRoot = "";
			targets = (
				D52E8AB92939959E00D7C40A /* TodoList */,
				D52E8ACF293995A000D7C40A /* TodoListTests */,
				D52E8AD9293995A000D7C40A /* TodoListUITests */,
			);
		};
/* End PBXProject section */

/* Begin PBXResourcesBuildPhase section */
		D52E8AB82939959E00D7C40A /* Resources */ = {
			isa = PBXResourcesBuildPhase;
			buildActionMask = 2147483647;
			files = (
				D52E8ACA293995A000D7C40A /* LaunchScreen.storyboard in Resources */,
				D52E8AC7293995A000D7C40A /* Assets.xcassets in Resources */,
				D52E8AC52939959F00D7C40A /* Main.storyboard in Resources */,
			);
			runOnlyForDeploymentPostprocessing = 0;
		};
		D52E8ACE293995A000D7C40A /* Resources */ = {
			isa = PBXResourcesBuildPhase;
			buildActionMask = 2147483647;
			files = (
			);
			runOnlyForDeploymentPostprocessing = 0;
		};
		D52E8AD8293995A000D7C40A /* Resources */ = {
			isa = PBXResourcesBuildPhase;
			buildActionMask = 2147483647;
			files = (
			);
			runOnlyForDeploymentPostprocessing = 0;
		};
/* End PBXResourcesBuildPhase section */

/* Begin PBXSourcesBuildPhase section */
		D52E8AB62939959E00D7C40A /* Sources */ = {
			isa = PBXSourcesBuildPhase;
			buildActionMask = 2147483647;
			files = (
				D52E8AEE29399A4A00D7C40A /* Task.swift in Sources */,
				D52E8AC22939959F00D7C40A /* ViewController.swift in Sources */,
				D52E8ABE2939959F00D7C40A /* AppDelegate.swift in Sources */,
				D52E8AC02939959F00D7C40A /* SceneDelegate.swift in Sources */,
			);
			runOnlyForDeploymentPostprocessing = 0;
		};
		D52E8ACC293995A000D7C40A /* Sources */ = {
			isa = PBXSourcesBuildPhase;
			buildActionMask = 2147483647;
			files = (
				D52E8AD5293995A000D7C40A /* TodoListTests.swift in Sources */,
			);
			runOnlyForDeploymentPostprocessing = 0;
		};
		D52E8AD6293995A000D7C40A /* Sources */ = {
			isa = PBXSourcesBuildPhase;
			buildActionMask = 2147483647;
			files = (
				D52E8AE1293995A000D7C40A /* TodoListUITestsLaunchTests.swift in Sources */,
				D52E8ADF293995A000D7C40A /* TodoListUITests.swift in Sources */,
			);
			runOnlyForDeploymentPostprocessing = 0;
		};
/* End PBXSourcesBuildPhase section */

/* Begin PBXTargetDependency section */
		D52E8AD2293995A000D7C40A /* PBXTargetDependency */ = {
			isa = PBXTargetDependency;
			target = D52E8AB92939959E00D7C40A /* TodoList */;
			targetProxy = D52E8AD1293995A000D7C40A /* PBXContainerItemProxy */;
		};
		D52E8ADC293995A000D7C40A /* PBXTargetDependency */ = {
			isa = PBXTargetDependency;
			target = D52E8AB92939959E00D7C40A /* TodoList */;
			targetProxy = D52E8ADB293995A000D7C40A /* PBXContainerItemProxy */;
		};
/* End PBXTargetDependency section */

/* Begin PBXVariantGroup section */
		D52E8AC32939959F00D7C40A /* Main.storyboard */ = {
			isa = PBXVariantGroup;
			children = (
				D52E8AC42939959F00D7C40A /* Base */,
			);
			name = Main.storyboard;
			sourceTree = "<group>";
		};
		D52E8AC8293995A000D7C40A /* LaunchScreen.storyboard */ = {
			isa = PBXVariantGroup;
			children = (
				D52E8AC9293995A000D7C40A /* Base */,
			);
			name = LaunchScreen.storyboard;
			sourceTree = "<group>";
		};
/* End PBXVariantGroup section */

/* Begin XCBuildConfiguration section */
		D52E8AE2293995A000D7C40A /* Debug */ = {
			isa = XCBuildConfiguration;
			buildSettings = {
				ALWAYS_SEARCH_USER_PATHS = NO;
				CLANG_ANALYZER_NONNULL = YES;
				CLANG_ANALYZER_NUMBER_OBJECT_CONVERSION = YES_AGGRESSIVE;
				CLANG_CXX_LANGUAGE_STANDARD = "gnu++20";
				CLANG_ENABLE_MODULES = YES;
				CLANG_ENABLE_OBJC_ARC = YES;
				CLANG_ENABLE_OBJC_WEAK = YES;
				CLANG_WARN_BLOCK_CAPTURE_AUTORELEASING = YES;
				CLANG_WARN_BOOL_CONVERSION = YES;
				CLANG_WARN_COMMA = YES;
				CLANG_WARN_CONSTANT_CONVERSION = YES;
				CLANG_WARN_DEPRECATED_OBJC_IMPLEMENTATIONS = YES;
				CLANG_WARN_DIRECT_OBJC_ISA_USAGE = YES_ERROR;
				CLANG_WARN_DOCUMENTATION_COMMENTS = YES;
				CLANG_WARN_EMPTY_BODY = YES;
				CLANG_WARN_ENUM_CONVERSION = YES;
				CLANG_WARN_INFINITE_RECURSION = YES;
				CLANG_WARN_INT_CONVERSION = YES;
				CLANG_WARN_NON_LITERAL_NULL_CONVERSION = YES;
				CLANG_WARN_OBJC_IMPLICIT_RETAIN_SELF = YES;
				CLANG_WARN_OBJC_LITERAL_CONVERSION = YES;
				CLANG_WARN_OBJC_ROOT_CLASS = YES_ERROR;
				CLANG_WARN_QUOTED_INCLUDE_IN_FRAMEWORK_HEADER = YES;
				CLANG_WARN_RANGE_LOOP_ANALYSIS = YES;
				CLANG_WARN_STRICT_PROTOTYPES = YES;
				CLANG_WARN_SUSPICIOUS_MOVE = YES;
				CLANG_WARN_UNGUARDED_AVAILABILITY = YES_AGGRESSIVE;
				CLANG_WARN_UNREACHABLE_CODE = YES;
				CLANG_WARN__DUPLICATE_METHOD_MATCH = YES;
				COPY_PHASE_STRIP = NO;
				DEBUG_INFORMATION_FORMAT = dwarf;
				ENABLE_STRICT_OBJC_MSGSEND = YES;
				ENABLE_TESTABILITY = YES;
				GCC_C_LANGUAGE_STANDARD = gnu11;
				GCC_DYNAMIC_NO_PIC = NO;
				GCC_NO_COMMON_BLOCKS = YES;
				GCC_OPTIMIZATION_LEVEL = 0;
				GCC_PREPROCESSOR_DEFINITIONS = (
					"DEBUG=1",
					"$(inherited)",
				);
				GCC_WARN_64_TO_32_BIT_CONVERSION = YES;
				GCC_WARN_ABOUT_RETURN_TYPE = YES_ERROR;
				GCC_WARN_UNDECLARED_SELECTOR = YES;
				GCC_WARN_UNINITIALIZED_AUTOS = YES_AGGRESSIVE;
				GCC_WARN_UNUSED_FUNCTION = YES;
				GCC_WARN_UNUSED_VARIABLE = YES;
				IPHONEOS_DEPLOYMENT_TARGET = 16.1;
				MTL_ENABLE_DEBUG_INFO = INCLUDE_SOURCE;
				MTL_FAST_MATH = YES;
				ONLY_ACTIVE_ARCH = YES;
				SDKROOT = iphoneos;
				SWIFT_ACTIVE_COMPILATION_CONDITIONS = DEBUG;
				SWIFT_OPTIMIZATION_LEVEL = "-Onone";
			};
			name = Debug;
		};
		D52E8AE3293995A000D7C40A /* Release */ = {
			isa = XCBuildConfiguration;
			buildSettings = {
				ALWAYS_SEARCH_USER_PATHS = NO;
				CLANG_ANALYZER_NONNULL = YES;
				CLANG_ANALYZER_NUMBER_OBJECT_CONVERSION = YES_AGGRESSIVE;
				CLANG_CXX_LANGUAGE_STANDARD = "gnu++20";
				CLANG_ENABLE_MODULES = YES;
				CLANG_ENABLE_OBJC_ARC = YES;
				CLANG_ENABLE_OBJC_WEAK = YES;
				CLANG_WARN_BLOCK_CAPTURE_AUTORELEASING = YES;
				CLANG_WARN_BOOL_CONVERSION = YES;
				CLANG_WARN_COMMA = YES;
				CLANG_WARN_CONSTANT_CONVERSION = YES;
				CLANG_WARN_DEPRECATED_OBJC_IMPLEMENTATIONS = YES;
				CLANG_WARN_DIRECT_OBJC_ISA_USAGE = YES_ERROR;
				CLANG_WARN_DOCUMENTATION_COMMENTS = YES;
				CLANG_WARN_EMPTY_BODY = YES;
				CLANG_WARN_ENUM_CONVERSION = YES;
				CLANG_WARN_INFINITE_RECURSION = YES;
				CLANG_WARN_INT_CONVERSION = YES;
				CLANG_WARN_NON_LITERAL_NULL_CONVERSION = YES;
				CLANG_WARN_OBJC_IMPLICIT_RETAIN_SELF = YES;
				CLANG_WARN_OBJC_LITERAL_CONVERSION = YES;
				CLANG_WARN_OBJC_ROOT_CLASS = YES_ERROR;
				CLANG_WARN_QUOTED_INCLUDE_IN_FRAMEWORK_HEADER = YES;
				CLANG_WARN_RANGE_LOOP_ANALYSIS = YES;
				CLANG_WARN_STRICT_PROTOTYPES = YES;
				CLANG_WARN_SUSPICIOUS_MOVE = YES;
				CLANG_WARN_UNGUARDED_AVAILABILITY = YES_AGGRESSIVE;
				CLANG_WARN_UNREACHABLE_CODE = YES;
				CLANG_WARN__DUPLICATE_METHOD_MATCH = YES;
				COPY_PHASE_STRIP = NO;
				DEBUG_INFORMATION_FORMAT = "dwarf-with-dsym";
				ENABLE_NS_ASSERTIONS = NO;
				ENABLE_STRICT_OBJC_MSGSEND = YES;
				GCC_C_LANGUAGE_STANDARD = gnu11;
				GCC_NO_COMMON_BLOCKS = YES;
				GCC_WARN_64_TO_32_BIT_CONVERSION = YES;
				GCC_WARN_ABOUT_RETURN_TYPE = YES_ERROR;
				GCC_WARN_UNDECLARED_SELECTOR = YES;
				GCC_WARN_UNINITIALIZED_AUTOS = YES_AGGRESSIVE;
				GCC_WARN_UNUSED_FUNCTION = YES;
				GCC_WARN_UNUSED_VARIABLE = YES;
				IPHONEOS_DEPLOYMENT_TARGET = 16.1;
				MTL_ENABLE_DEBUG_INFO = NO;
				MTL_FAST_MATH = YES;
				SDKROOT = iphoneos;
				SWIFT_COMPILATION_MODE = wholemodule;
				SWIFT_OPTIMIZATION_LEVEL = "-O";
				VALIDATE_PRODUCT = YES;
			};
			name = Release;
		};
		D52E8AE5293995A000D7C40A /* Debug */ = {
			isa = XCBuildConfiguration;
			buildSettings = {
				ASSETCATALOG_COMPILER_APPICON_NAME = AppIcon;
				ASSETCATALOG_COMPILER_GLOBAL_ACCENT_COLOR_NAME = AccentColor;
				CODE_SIGN_STYLE = Automatic;
				CURRENT_PROJECT_VERSION = 1;
				DEVELOPMENT_TEAM = YUYR6UHVFX;
				GENERATE_INFOPLIST_FILE = YES;
				INFOPLIST_FILE = TodoList/Info.plist;
				INFOPLIST_KEY_UIApplicationSupportsIndirectInputEvents = YES;
				INFOPLIST_KEY_UILaunchStoryboardName = LaunchScreen;
				INFOPLIST_KEY_UIMainStoryboardFile = Main;
				INFOPLIST_KEY_UISupportedInterfaceOrientations_iPad = "UIInterfaceOrientationPortrait UIInterfaceOrientationPortraitUpsideDown UIInterfaceOrientationLandscapeLeft UIInterfaceOrientationLandscapeRight";
				INFOPLIST_KEY_UISupportedInterfaceOrientations_iPhone = "UIInterfaceOrientationPortrait UIInterfaceOrientationLandscapeLeft UIInterfaceOrientationLandscapeRight";
				LD_RUNPATH_SEARCH_PATHS = (
					"$(inherited)",
					"@executable_path/Frameworks",
				);
				MARKETING_VERSION = 1.0;
				PRODUCT_BUNDLE_IDENTIFIER = been.TodoList;
				PRODUCT_NAME = "$(TARGET_NAME)";
				SWIFT_EMIT_LOC_STRINGS = YES;
				SWIFT_VERSION = 5.0;
				TARGETED_DEVICE_FAMILY = "1,2";
			};
			name = Debug;
		};
		D52E8AE6293995A000D7C40A /* Release */ = {
			isa = XCBuildConfiguration;
			buildSettings = {
				ASSETCATALOG_COMPILER_APPICON_NAME = AppIcon;
				ASSETCATALOG_COMPILER_GLOBAL_ACCENT_COLOR_NAME = AccentColor;
				CODE_SIGN_STYLE = Automatic;
				CURRENT_PROJECT_VERSION = 1;
				DEVELOPMENT_TEAM = YUYR6UHVFX;
				GENERATE_INFOPLIST_FILE = YES;
				INFOPLIST_FILE = TodoList/Info.plist;
				INFOPLIST_KEY_UIApplicationSupportsIndirectInputEvents = YES;
				INFOPLIST_KEY_UILaunchStoryboardName = LaunchScreen;
				INFOPLIST_KEY_UIMainStoryboardFile = Main;
				INFOPLIST_KEY_UISupportedInterfaceOrientations_iPad = "UIInterfaceOrientationPortrait UIInterfaceOrientationPortraitUpsideDown UIInterfaceOrientationLandscapeLeft UIInterfaceOrientationLandscapeRight";
				INFOPLIST_KEY_UISupportedInterfaceOrientations_iPhone = "UIInterfaceOrientationPortrait UIInterfaceOrientationLandscapeLeft UIInterfaceOrientationLandscapeRight";
				LD_RUNPATH_SEARCH_PATHS = (
					"$(inherited)",
					"@executable_path/Frameworks",
				);
				MARKETING_VERSION = 1.0;
				PRODUCT_BUNDLE_IDENTIFIER = been.TodoList;
				PRODUCT_NAME = "$(TARGET_NAME)";
				SWIFT_EMIT_LOC_STRINGS = YES;
				SWIFT_VERSION = 5.0;
				TARGETED_DEVICE_FAMILY = "1,2";
			};
			name = Release;
		};
		D52E8AE8293995A000D7C40A /* Debug */ = {
			isa = XCBuildConfiguration;
			buildSettings = {
				ALWAYS_EMBED_SWIFT_STANDARD_LIBRARIES = YES;
				BUNDLE_LOADER = "$(TEST_HOST)";
				CODE_SIGN_STYLE = Automatic;
				CURRENT_PROJECT_VERSION = 1;
				DEVELOPMENT_TEAM = YUYR6UHVFX;
				GENERATE_INFOPLIST_FILE = YES;
				IPHONEOS_DEPLOYMENT_TARGET = 16.1;
				MARKETING_VERSION = 1.0;
				PRODUCT_BUNDLE_IDENTIFIER = been.TodoListTests;
				PRODUCT_NAME = "$(TARGET_NAME)";
				SWIFT_EMIT_LOC_STRINGS = NO;
				SWIFT_VERSION = 5.0;
				TARGETED_DEVICE_FAMILY = "1,2";
				TEST_HOST = "$(BUILT_PRODUCTS_DIR)/TodoList.app/$(BUNDLE_EXECUTABLE_FOLDER_PATH)/TodoList";
			};
			name = Debug;
		};
		D52E8AE9293995A000D7C40A /* Release */ = {
			isa = XCBuildConfiguration;
			buildSettings = {
				ALWAYS_EMBED_SWIFT_STANDARD_LIBRARIES = YES;
				BUNDLE_LOADER = "$(TEST_HOST)";
				CODE_SIGN_STYLE = Automatic;
				CURRENT_PROJECT_VERSION = 1;
				DEVELOPMENT_TEAM = YUYR6UHVFX;
				GENERATE_INFOPLIST_FILE = YES;
				IPHONEOS_DEPLOYMENT_TARGET = 16.1;
				MARKETING_VERSION = 1.0;
				PRODUCT_BUNDLE_IDENTIFIER = been.TodoListTests;
				PRODUCT_NAME = "$(TARGET_NAME)";
				SWIFT_EMIT_LOC_STRINGS = NO;
				SWIFT_VERSION = 5.0;
				TARGETED_DEVICE_FAMILY = "1,2";
				TEST_HOST = "$(BUILT_PRODUCTS_DIR)/TodoList.app/$(BUNDLE_EXECUTABLE_FOLDER_PATH)/TodoList";
			};
			name = Release;
		};
		D52E8AEB293995A000D7C40A /* Debug */ = {
			isa = XCBuildConfiguration;
			buildSettings = {
				ALWAYS_EMBED_SWIFT_STANDARD_LIBRARIES = YES;
				CODE_SIGN_STYLE = Automatic;
				CURRENT_PROJECT_VERSION = 1;
				DEVELOPMENT_TEAM = YUYR6UHVFX;
				GENERATE_INFOPLIST_FILE = YES;
				MARKETING_VERSION = 1.0;
				PRODUCT_BUNDLE_IDENTIFIER = been.TodoListUITests;
				PRODUCT_NAME = "$(TARGET_NAME)";
				SWIFT_EMIT_LOC_STRINGS = NO;
				SWIFT_VERSION = 5.0;
				TARGETED_DEVICE_FAMILY = "1,2";
				TEST_TARGET_NAME = TodoList;
			};
			name = Debug;
		};
		D52E8AEC293995A000D7C40A /* Release */ = {
			isa = XCBuildConfiguration;
			buildSettings = {
				ALWAYS_EMBED_SWIFT_STANDARD_LIBRARIES = YES;
				CODE_SIGN_STYLE = Automatic;
				CURRENT_PROJECT_VERSION = 1;
				DEVELOPMENT_TEAM = YUYR6UHVFX;
				GENERATE_INFOPLIST_FILE = YES;
				MARKETING_VERSION = 1.0;
				PRODUCT_BUNDLE_IDENTIFIER = been.TodoListUITests;
				PRODUCT_NAME = "$(TARGET_NAME)";
				SWIFT_EMIT_LOC_STRINGS = NO;
				SWIFT_VERSION = 5.0;
				TARGETED_DEVICE_FAMILY = "1,2";
				TEST_TARGET_NAME = TodoList;
			};
			name = Release;
		};
/* End XCBuildConfiguration section */

/* Begin XCConfigurationList section */
		D52E8AB52939959E00D7C40A /* Build configuration list for PBXProject "TodoList" */ = {
			isa = XCConfigurationList;
			buildConfigurations = (
				D52E8AE2293995A000D7C40A /* Debug */,
				D52E8AE3293995A000D7C40A /* Release */,
			);
			defaultConfigurationIsVisible = 0;
			defaultConfigurationName = Release;
		};
		D52E8AE4293995A000D7C40A /* Build configuration list for PBXNativeTarget "TodoList" */ = {
			isa = XCConfigurationList;
			buildConfigurations = (
				D52E8AE5293995A000D7C40A /* Debug */,
				D52E8AE6293995A000D7C40A /* Release */,
			);
			defaultConfigurationIsVisible = 0;
			defaultConfigurationName = Release;
		};
		D52E8AE7293995A000D7C40A /* Build configuration list for PBXNativeTarget "TodoListTests" */ = {
			isa = XCConfigurationList;
			buildConfigurations = (
				D52E8AE8293995A000D7C40A /* Debug */,
				D52E8AE9293995A000D7C40A /* Release */,
			);
			defaultConfigurationIsVisible = 0;
			defaultConfigurationName = Release;
		};
		D52E8AEA293995A000D7C40A /* Build configuration list for PBXNativeTarget "TodoListUITests" */ = {
			isa = XCConfigurationList;
			buildConfigurations = (
				D52E8AEB293995A000D7C40A /* Debug */,
				D52E8AEC293995A000D7C40A /* Release */,
			);
			defaultConfigurationIsVisible = 0;
			defaultConfigurationName = Release;
		};
/* End XCConfigurationList section */
	};
	rootObject = D52E8AB22939959E00D7C40A /* Project object */;
}
